// !$*UTF8*$!
{
	archiveVersion = 1;
	classes = {
	};
	objectVersion = 46;
	objects = {

/* Begin PBXBuildFile section */
		B78647651B9EDE3B00AB7C53 /* Foundation.framework in Frameworks */ = {isa = PBXBuildFile; fileRef = B78647641B9EDE3B00AB7C53 /* Foundation.framework */; };
		B78647671B9EDE3B00AB7C53 /* CoreGraphics.framework in Frameworks */ = {isa = PBXBuildFile; fileRef = B78647661B9EDE3B00AB7C53 /* CoreGraphics.framework */; };
		B78647691B9EDE3B00AB7C53 /* UIKit.framework in Frameworks */ = {isa = PBXBuildFile; fileRef = B78647681B9EDE3B00AB7C53 /* UIKit.framework */; };
		B786476F1B9EDE3B00AB7C53 /* InfoPlist.strings in Resources */ = {isa = PBXBuildFile; fileRef = B786476D1B9EDE3B00AB7C53 /* InfoPlist.strings */; };
		B78647711B9EDE3B00AB7C53 /* main.m in Sources */ = {isa = PBXBuildFile; fileRef = B78647701B9EDE3B00AB7C53 /* main.m */; };
		B78647751B9EDE3B00AB7C53 /* AppscatAppDelegate.m in Sources */ = {isa = PBXBuildFile; fileRef = B78647741B9EDE3B00AB7C53 /* AppscatAppDelegate.m */; };
		B78647771B9EDE3B00AB7C53 /* Images.xcassets in Resources */ = {isa = PBXBuildFile; fileRef = B78647761B9EDE3B00AB7C53 /* Images.xcassets */; };
		B786477E1B9EDE3B00AB7C53 /* XCTest.framework in Frameworks */ = {isa = PBXBuildFile; fileRef = B786477D1B9EDE3B00AB7C53 /* XCTest.framework */; };
		B786477F1B9EDE3B00AB7C53 /* Foundation.framework in Frameworks */ = {isa = PBXBuildFile; fileRef = B78647641B9EDE3B00AB7C53 /* Foundation.framework */; };
		B78647801B9EDE3B00AB7C53 /* UIKit.framework in Frameworks */ = {isa = PBXBuildFile; fileRef = B78647681B9EDE3B00AB7C53 /* UIKit.framework */; };
		B78647881B9EDE3B00AB7C53 /* InfoPlist.strings in Resources */ = {isa = PBXBuildFile; fileRef = B78647861B9EDE3B00AB7C53 /* InfoPlist.strings */; };
		B786478A1B9EDE3B00AB7C53 /* AskAndAnswerTests.m in Sources */ = {isa = PBXBuildFile; fileRef = B78647891B9EDE3B00AB7C53 /* AskAndAnswerTests.m */; };
/* End PBXBuildFile section */

/* Begin PBXContainerItemProxy section */
		B78647811B9EDE3B00AB7C53 /* PBXContainerItemProxy */ = {
			isa = PBXContainerItemProxy;
			containerPortal = B78647591B9EDE3B00AB7C53 /* Project object */;
			proxyType = 1;
			remoteGlobalIDString = B78647601B9EDE3B00AB7C53;
			remoteInfo = AskAndAnswer;
		};
/* End PBXContainerItemProxy section */

/* Begin PBXFileReference section */
		B78647611B9EDE3B00AB7C53 /* AskAndAnswer.app */ = {isa = PBXFileReference; explicitFileType = wrapper.application; includeInIndex = 0; path = AskAndAnswer.app; sourceTree = BUILT_PRODUCTS_DIR; };
		B78647641B9EDE3B00AB7C53 /* Foundation.framework */ = {isa = PBXFileReference; lastKnownFileType = wrapper.framework; name = Foundation.framework; path = System/Library/Frameworks/Foundation.framework; sourceTree = SDKROOT; };
		B78647661B9EDE3B00AB7C53 /* CoreGraphics.framework */ = {isa = PBXFileReference; lastKnownFileType = wrapper.framework; name = CoreGraphics.framework; path = System/Library/Frameworks/CoreGraphics.framework; sourceTree = SDKROOT; };
		B78647681B9EDE3B00AB7C53 /* UIKit.framework */ = {isa = PBXFileReference; lastKnownFileType = wrapper.framework; name = UIKit.framework; path = System/Library/Frameworks/UIKit.framework; sourceTree = SDKROOT; };
		B786476C1B9EDE3B00AB7C53 /* AskAndAnswer-Info.plist */ = {isa = PBXFileReference; lastKnownFileType = text.plist.xml; path = "AskAndAnswer-Info.plist"; sourceTree = "<group>"; };
		B786476E1B9EDE3B00AB7C53 /* en */ = {isa = PBXFileReference; lastKnownFileType = text.plist.strings; name = en; path = en.lproj/InfoPlist.strings; sourceTree = "<group>"; };
		B78647701B9EDE3B00AB7C53 /* main.m */ = {isa = PBXFileReference; lastKnownFileType = sourcecode.c.objc; path = main.m; sourceTree = "<group>"; };
		B78647721B9EDE3B00AB7C53 /* AskAndAnswer-Prefix.pch */ = {isa = PBXFileReference; lastKnownFileType = sourcecode.c.h; path = "AskAndAnswer-Prefix.pch"; sourceTree = "<group>"; };
		B78647731B9EDE3B00AB7C53 /* AppscatAppDelegate.h */ = {isa = PBXFileReference; lastKnownFileType = sourcecode.c.h; path = AppscatAppDelegate.h; sourceTree = "<group>"; };
		B78647741B9EDE3B00AB7C53 /* AppscatAppDelegate.m */ = {isa = PBXFileReference; lastKnownFileType = sourcecode.c.objc; path = AppscatAppDelegate.m; sourceTree = "<group>"; };
		B78647761B9EDE3B00AB7C53 /* Images.xcassets */ = {isa = PBXFileReference; lastKnownFileType = folder.assetcatalog; path = Images.xcassets; sourceTree = "<group>"; };
		B786477C1B9EDE3B00AB7C53 /* AskAndAnswerTests.xctest */ = {isa = PBXFileReference; explicitFileType = wrapper.cfbundle; includeInIndex = 0; path = AskAndAnswerTests.xctest; sourceTree = BUILT_PRODUCTS_DIR; };
		B786477D1B9EDE3B00AB7C53 /* XCTest.framework */ = {isa = PBXFileReference; lastKnownFileType = wrapper.framework; name = XCTest.framework; path = Library/Frameworks/XCTest.framework; sourceTree = DEVELOPER_DIR; };
		B78647851B9EDE3B00AB7C53 /* AskAndAnswerTests-Info.plist */ = {isa = PBXFileReference; lastKnownFileType = text.plist.xml; path = "AskAndAnswerTests-Info.plist"; sourceTree = "<group>"; };
		B78647871B9EDE3B00AB7C53 /* en */ = {isa = PBXFileReference; lastKnownFileType = text.plist.strings; name = en; path = en.lproj/InfoPlist.strings; sourceTree = "<group>"; };
		B78647891B9EDE3B00AB7C53 /* AskAndAnswerTests.m */ = {isa = PBXFileReference; lastKnownFileType = sourcecode.c.objc; path = AskAndAnswerTests.m; sourceTree = "<group>"; };
/* End PBXFileReference section */

/* Begin PBXFrameworksBuildPhase section */
		B786475E1B9EDE3B00AB7C53 /* Frameworks */ = {
			isa = PBXFrameworksBuildPhase;
			buildActionMask = 2147483647;
			files = (
				B78647671B9EDE3B00AB7C53 /* CoreGraphics.framework in Frameworks */,
				B78647691B9EDE3B00AB7C53 /* UIKit.framework in Frameworks */,
				B78647651B9EDE3B00AB7C53 /* Foundation.framework in Frameworks */,
			);
			runOnlyForDeploymentPostprocessing = 0;
		};
		B78647791B9EDE3B00AB7C53 /* Frameworks */ = {
			isa = PBXFrameworksBuildPhase;
			buildActionMask = 2147483647;
			files = (
				B786477E1B9EDE3B00AB7C53 /* XCTest.framework in Frameworks */,
				B78647801B9EDE3B00AB7C53 /* UIKit.framework in Frameworks */,
				B786477F1B9EDE3B00AB7C53 /* Foundation.framework in Frameworks */,
			);
			runOnlyForDeploymentPostprocessing = 0;
		};
/* End PBXFrameworksBuildPhase section */

/* Begin PBXGroup section */
		B78647581B9EDE3B00AB7C53 = {
			isa = PBXGroup;
			children = (
				B786476A1B9EDE3B00AB7C53 /* AskAndAnswer */,
				B78647831B9EDE3B00AB7C53 /* AskAndAnswerTests */,
				B78647631B9EDE3B00AB7C53 /* Frameworks */,
				B78647621B9EDE3B00AB7C53 /* Products */,
			);
			sourceTree = "<group>";
		};
		B78647621B9EDE3B00AB7C53 /* Products */ = {
			isa = PBXGroup;
			children = (
				B78647611B9EDE3B00AB7C53 /* AskAndAnswer.app */,
				B786477C1B9EDE3B00AB7C53 /* AskAndAnswerTests.xctest */,
			);
			name = Products;
			sourceTree = "<group>";
		};
		B78647631B9EDE3B00AB7C53 /* Frameworks */ = {
			isa = PBXGroup;
			children = (
				B78647641B9EDE3B00AB7C53 /* Foundation.framework */,
				B78647661B9EDE3B00AB7C53 /* CoreGraphics.framework */,
				B78647681B9EDE3B00AB7C53 /* UIKit.framework */,
				B786477D1B9EDE3B00AB7C53 /* XCTest.framework */,
			);
			name = Frameworks;
			sourceTree = "<group>";
		};
		B786476A1B9EDE3B00AB7C53 /* AskAndAnswer */ = {
			isa = PBXGroup;
			children = (
				B78647731B9EDE3B00AB7C53 /* AppscatAppDelegate.h */,
				B78647741B9EDE3B00AB7C53 /* AppscatAppDelegate.m */,
				B78647761B9EDE3B00AB7C53 /* Images.xcassets */,
				B786476B1B9EDE3B00AB7C53 /* Supporting Files */,
			);
			path = AskAndAnswer;
			sourceTree = "<group>";
		};
		B786476B1B9EDE3B00AB7C53 /* Supporting Files */ = {
			isa = PBXGroup;
			children = (
				B786476C1B9EDE3B00AB7C53 /* AskAndAnswer-Info.plist */,
				B786476D1B9EDE3B00AB7C53 /* InfoPlist.strings */,
				B78647701B9EDE3B00AB7C53 /* main.m */,
				B78647721B9EDE3B00AB7C53 /* AskAndAnswer-Prefix.pch */,
			);
			name = "Supporting Files";
			sourceTree = "<group>";
		};
		B78647831B9EDE3B00AB7C53 /* AskAndAnswerTests */ = {
			isa = PBXGroup;
			children = (
				B78647891B9EDE3B00AB7C53 /* AskAndAnswerTests.m */,
				B78647841B9EDE3B00AB7C53 /* Supporting Files */,
			);
			path = AskAndAnswerTests;
			sourceTree = "<group>";
		};
		B78647841B9EDE3B00AB7C53 /* Supporting Files */ = {
			isa = PBXGroup;
			children = (
				B78647851B9EDE3B00AB7C53 /* AskAndAnswerTests-Info.plist */,
				B78647861B9EDE3B00AB7C53 /* InfoPlist.strings */,
			);
			name = "Supporting Files";
			sourceTree = "<group>";
		};
/* End PBXGroup section */

/* Begin PBXNativeTarget section */
		B78647601B9EDE3B00AB7C53 /* AskAndAnswer */ = {
			isa = PBXNativeTarget;
			buildConfigurationList = B786478D1B9EDE3B00AB7C53 /* Build configuration list for PBXNativeTarget "AskAndAnswer" */;
			buildPhases = (
				B786475D1B9EDE3B00AB7C53 /* Sources */,
				B786475E1B9EDE3B00AB7C53 /* Frameworks */,
				B786475F1B9EDE3B00AB7C53 /* Resources */,
			);
			buildRules = (
			);
			dependencies = (
			);
			name = AskAndAnswer;
			productName = AskAndAnswer;
			productReference = B78647611B9EDE3B00AB7C53 /* AskAndAnswer.app */;
			productType = "com.apple.product-type.application";
		};
		B786477B1B9EDE3B00AB7C53 /* AskAndAnswerTests */ = {
			isa = PBXNativeTarget;
			buildConfigurationList = B78647901B9EDE3B00AB7C53 /* Build configuration list for PBXNativeTarget "AskAndAnswerTests" */;
			buildPhases = (
				B78647781B9EDE3B00AB7C53 /* Sources */,
				B78647791B9EDE3B00AB7C53 /* Frameworks */,
				B786477A1B9EDE3B00AB7C53 /* Resources */,
			);
			buildRules = (
			);
			dependencies = (
				B78647821B9EDE3B00AB7C53 /* PBXTargetDependency */,
			);
			name = AskAndAnswerTests;
			productName = AskAndAnswerTests;
			productReference = B786477C1B9EDE3B00AB7C53 /* AskAndAnswerTests.xctest */;
			productType = "com.apple.product-type.bundle.unit-test";
		};
/* End PBXNativeTarget section */

/* Begin PBXProject section */
		B78647591B9EDE3B00AB7C53 /* Project object */ = {
			isa = PBXProject;
			attributes = {
				CLASSPREFIX = Appscat;
				LastUpgradeCheck = 0500;
				ORGANIZATIONNAME = WhiteMouse;
				TargetAttributes = {
					B786477B1B9EDE3B00AB7C53 = {
						TestTargetID = B78647601B9EDE3B00AB7C53;
					};
				};
			};
			buildConfigurationList = B786475C1B9EDE3B00AB7C53 /* Build configuration list for PBXProject "AskAndAnswer" */;
			compatibilityVersion = "Xcode 3.2";
			developmentRegion = English;
			hasScannedForEncodings = 0;
			knownRegions = (
				en,
			);
			mainGroup = B78647581B9EDE3B00AB7C53;
			productRefGroup = B78647621B9EDE3B00AB7C53 /* Products */;
			projectDirPath = "";
			projectRoot = "";
			targets = (
				B78647601B9EDE3B00AB7C53 /* AskAndAnswer */,
				B786477B1B9EDE3B00AB7C53 /* AskAndAnswerTests */,
			);
		};
/* End PBXProject section */

/* Begin PBXResourcesBuildPhase section */
		B786475F1B9EDE3B00AB7C53 /* Resources */ = {
			isa = PBXResourcesBuildPhase;
			buildActionMask = 2147483647;
			files = (
				B786476F1B9EDE3B00AB7C53 /* InfoPlist.strings in Resources */,
				B78647771B9EDE3B00AB7C53 /* Images.xcassets in Resources */,
			);
			runOnlyForDeploymentPostprocessing = 0;
		};
		B786477A1B9EDE3B00AB7C53 /* Resources */ = {
			isa = PBXResourcesBuildPhase;
			buildActionMask = 2147483647;
			files = (
				B78647881B9EDE3B00AB7C53 /* InfoPlist.strings in Resources */,
			);
			runOnlyForDeploymentPostprocessing = 0;
		};
/* End PBXResourcesBuildPhase section */

/* Begin PBXSourcesBuildPhase section */
		B786475D1B9EDE3B00AB7C53 /* Sources */ = {
			isa = PBXSourcesBuildPhase;
			buildActionMask = 2147483647;
			files = (
				B78647711B9EDE3B00AB7C53 /* main.m in Sources */,
				B78647751B9EDE3B00AB7C53 /* AppscatAppDelegate.m in Sources */,
			);
			runOnlyForDeploymentPostprocessing = 0;
		};
		B78647781B9EDE3B00AB7C53 /* Sources */ = {
			isa = PBXSourcesBuildPhase;
			buildActionMask = 2147483647;
			files = (
				B786478A1B9EDE3B00AB7C53 /* AskAndAnswerTests.m in Sources */,
			);
			runOnlyForDeploymentPostprocessing = 0;
		};
/* End PBXSourcesBuildPhase section */

/* Begin PBXTargetDependency section */
		B78647821B9EDE3B00AB7C53 /* PBXTargetDependency */ = {
			isa = PBXTargetDependency;
			target = B78647601B9EDE3B00AB7C53 /* AskAndAnswer */;
			targetProxy = B78647811B9EDE3B00AB7C53 /* PBXContainerItemProxy */;
		};
/* End PBXTargetDependency section */

/* Begin PBXVariantGroup section */
		B786476D1B9EDE3B00AB7C53 /* InfoPlist.strings */ = {
			isa = PBXVariantGroup;
			children = (
				B786476E1B9EDE3B00AB7C53 /* en */,
			);
			name = InfoPlist.strings;
			sourceTree = "<group>";
		};
		B78647861B9EDE3B00AB7C53 /* InfoPlist.strings */ = {
			isa = PBXVariantGroup;
			children = (
				B78647871B9EDE3B00AB7C53 /* en */,
			);
			name = InfoPlist.strings;
			sourceTree = "<group>";
		};
/* End PBXVariantGroup section */

/* Begin XCBuildConfiguration section */
		B786478B1B9EDE3B00AB7C53 /* Debug */ = {
			isa = XCBuildConfiguration;
			buildSettings = {
				ALWAYS_SEARCH_USER_PATHS = NO;
				ARCHS = "$(ARCHS_STANDARD_INCLUDING_64_BIT)";
				CLANG_CXX_LANGUAGE_STANDARD = "gnu++0x";
				CLANG_CXX_LIBRARY = "libc++";
				CLANG_ENABLE_MODULES = YES;
				CLANG_ENABLE_OBJC_ARC = YES;
				CLANG_WARN_BOOL_CONVERSION = YES;
				CLANG_WARN_CONSTANT_CONVERSION = YES;
				CLANG_WARN_DIRECT_OBJC_ISA_USAGE = YES_ERROR;
				CLANG_WARN_EMPTY_BODY = YES;
				CLANG_WARN_ENUM_CONVERSION = YES;
				CLANG_WARN_INT_CONVERSION = YES;
				CLANG_WARN_OBJC_ROOT_CLASS = YES_ERROR;
				CLANG_WARN__DUPLICATE_METHOD_MATCH = YES;
				"CODE_SIGN_IDENTITY[sdk=iphoneos*]" = "iPhone Developer";
				COPY_PHASE_STRIP = NO;
				GCC_C_LANGUAGE_STANDARD = gnu99;
				GCC_DYNAMIC_NO_PIC = NO;
				GCC_OPTIMIZATION_LEVEL = 0;
				GCC_PREPROCESSOR_DEFINITIONS = (
					"DEBUG=1",
					"$(inherited)",
				);
				GCC_SYMBOLS_PRIVATE_EXTERN = NO;
				GCC_WARN_64_TO_32_BIT_CONVERSION = YES;
				GCC_WARN_ABOUT_RETURN_TYPE = YES_ERROR;
				GCC_WARN_UNDECLARED_SELECTOR = YES;
				GCC_WARN_UNINITIALIZED_AUTOS = YES;
				GCC_WARN_UNUSED_FUNCTION = YES;
				GCC_WARN_UNUSED_VARIABLE = YES;
				IPHONEOS_DEPLOYMENT_TARGET = 7.0;
				ONLY_ACTIVE_ARCH = YES;
				SDKROOT = iphoneos;
			};
			name = Debug;
		};
		B786478C1B9EDE3B00AB7C53 /* Release */ = {
			isa = XCBuildConfiguration;
			buildSettings = {
				ALWAYS_SEARCH_USER_PATHS = NO;
				ARCHS = "$(ARCHS_STANDARD_INCLUDING_64_BIT)";
				CLANG_CXX_LANGUAGE_STANDARD = "gnu++0x";
				CLANG_CXX_LIBRARY = "libc++";
				CLANG_ENABLE_MODULES = YES;
				CLANG_ENABLE_OBJC_ARC = YES;
				CLANG_WARN_BOOL_CONVERSION = YES;
				CLANG_WARN_CONSTANT_CONVERSION = YES;
				CLANG_WARN_DIRECT_OBJC_ISA_USAGE = YES_ERROR;
				CLANG_WARN_EMPTY_BODY = YES;
				CLANG_WARN_ENUM_CONVERSION = YES;
				CLANG_WARN_INT_CONVERSION = YES;
				CLANG_WARN_OBJC_ROOT_CLASS = YES_ERROR;
				CLANG_WARN__DUPLICATE_METHOD_MATCH = YES;
				"CODE_SIGN_IDENTITY[sdk=iphoneos*]" = "iPhone Developer";
				COPY_PHASE_STRIP = YES;
				ENABLE_NS_ASSERTIONS = NO;
				GCC_C_LANGUAGE_STANDARD = gnu99;
				GCC_WARN_64_TO_32_BIT_CONVERSION = YES;
				GCC_WARN_ABOUT_RETURN_TYPE = YES_ERROR;
				GCC_WARN_UNDECLARED_SELECTOR = YES;
				GCC_WARN_UNINITIALIZED_AUTOS = YES;
				GCC_WARN_UNUSED_FUNCTION = YES;
				GCC_WARN_UNUSED_VARIABLE = YES;
				IPHONEOS_DEPLOYMENT_TARGET = 7.0;
				SDKROOT = iphoneos;
				VALIDATE_PRODUCT = YES;
			};
			name = Release;
		};
		B786478E1B9EDE3B00AB7C53 /* Debug */ = {
			isa = XCBuildConfiguration;
			buildSettings = {
				ASSETCATALOG_COMPILER_APPICON_NAME = AppIcon;
				ASSETCATALOG_COMPILER_LAUNCHIMAGE_NAME = LaunchImage;
				GCC_PRECOMPILE_PREFIX_HEADER = YES;
				GCC_PREFIX_HEADER = "AskAndAnswer/AskAndAnswer-Prefix.pch";
				INFOPLIST_FILE = "AskAndAnswer/AskAndAnswer-Info.plist";
				PRODUCT_NAME = "$(TARGET_NAME)";
				WRAPPER_EXTENSION = app;
			};
			name = Debug;
		};
		B786478F1B9EDE3B00AB7C53 /* Release */ = {
			isa = XCBuildConfiguration;
			buildSettings = {
				ASSETCATALOG_COMPILER_APPICON_NAME = AppIcon;
				ASSETCATALOG_COMPILER_LAUNCHIMAGE_NAME = LaunchImage;
				GCC_PRECOMPILE_PREFIX_HEADER = YES;
				GCC_PREFIX_HEADER = "AskAndAnswer/AskAndAnswer-Prefix.pch";
				INFOPLIST_FILE = "AskAndAnswer/AskAndAnswer-Info.plist";
				PRODUCT_NAME = "$(TARGET_NAME)";
				WRAPPER_EXTENSION = app;
			};
			name = Release;
		};
		B78647911B9EDE3B00AB7C53 /* Debug */ = {
			isa = XCBuildConfiguration;
			buildSettings = {
				ARCHS = "$(ARCHS_STANDARD_INCLUDING_64_BIT)";
				BUNDLE_LOADER = "$(BUILT_PRODUCTS_DIR)/AskAndAnswer.app/AskAndAnswer";
				FRAMEWORK_SEARCH_PATHS = (
					"$(SDKROOT)/Developer/Library/Frameworks",
					"$(inherited)",
					"$(DEVELOPER_FRAMEWORKS_DIR)",
				);
				GCC_PRECOMPILE_PREFIX_HEADER = YES;
				GCC_PREFIX_HEADER = "AskAndAnswer/AskAndAnswer-Prefix.pch";
				GCC_PREPROCESSOR_DEFINITIONS = (
					"DEBUG=1",
					"$(inherited)",
				);
				INFOPLIST_FILE = "AskAndAnswerTests/AskAndAnswerTests-Info.plist";
				PRODUCT_NAME = "$(TARGET_NAME)";
				TEST_HOST = "$(BUNDLE_LOADER)";
				WRAPPER_EXTENSION = xctest;
			};
			name = Debug;
		};
		B78647921B9EDE3B00AB7C53 /* Release */ = {
			isa = XCBuildConfiguration;
			buildSettings = {
				ARCHS = "$(ARCHS_STANDARD_INCLUDING_64_BIT)";
				BUNDLE_LOADER = "$(BUILT_PRODUCTS_DIR)/AskAndAnswer.app/AskAndAnswer";
				FRAMEWORK_SEARCH_PATHS = (
					"$(SDKROOT)/Developer/Library/Frameworks",
					"$(inherited)",
					"$(DEVELOPER_FRAMEWORKS_DIR)",
				);
				GCC_PRECOMPILE_PREFIX_HEADER = YES;
				GCC_PREFIX_HEADER = "AskAndAnswer/AskAndAnswer-Prefix.pch";
				INFOPLIST_FILE = "AskAndAnswerTests/AskAndAnswerTests-Info.plist";
				PRODUCT_NAME = "$(TARGET_NAME)";
				TEST_HOST = "$(BUNDLE_LOADER)";
				WRAPPER_EXTENSION = xctest;
			};
			name = Release;
		};
/* End XCBuildConfiguration section */

/* Begin XCConfigurationList section */
		B786475C1B9EDE3B00AB7C53 /* Build configuration list for PBXProject "AskAndAnswer" */ = {
			isa = XCConfigurationList;
			buildConfigurations = (
				B786478B1B9EDE3B00AB7C53 /* Debug */,
				B786478C1B9EDE3B00AB7C53 /* Release */,
			);
			defaultConfigurationIsVisible = 0;
			defaultConfigurationName = Release;
		};
		B786478D1B9EDE3B00AB7C53 /* Build configuration list for PBXNativeTarget "AskAndAnswer" */ = {
			isa = XCConfigurationList;
			buildConfigurations = (
				B786478E1B9EDE3B00AB7C53 /* Debug */,
				B786478F1B9EDE3B00AB7C53 /* Release */,
			);
			defaultConfigurationIsVisible = 0;
		};
		B78647901B9EDE3B00AB7C53 /* Build configuration list for PBXNativeTarget "AskAndAnswerTests" */ = {
			isa = XCConfigurationList;
			buildConfigurations = (
				B78647911B9EDE3B00AB7C53 /* Debug */,
				B78647921B9EDE3B00AB7C53 /* Release */,
			);
			defaultConfigurationIsVisible = 0;
		};
/* End XCConfigurationList section */
	};
	rootObject = B78647591B9EDE3B00AB7C53 /* Project object */;
}
